
Microsoft Visual Studio Solution File, Format Version 12.00
# Visual Studio Version 17
VisualStudioVersion = 17.10.34928.147
MinimumVisualStudioVersion = 10.0.40219.1
Project("{FAE04EC0-301F-11D3-BF4B-00C04F79EFBC}") = "ApplicationForm", "ApplicationForm.csproj", "{B74F10F6-4B89-4FE9-AF62-53ED14A60DD0}"
EndProject
Global
	GlobalSection(SolutionConfigurationPlatforms) = preSolution
		Debug|Any CPU = Debug|Any CPU
		Release|Any CPU = Release|Any CPU
	EndGlobalSection
	GlobalSection(ProjectConfigurationPlatforms) = postSolution
		{B74F10F6-4B89-4FE9-AF62-53ED14A60DD0}.Debug|Any CPU.ActiveCfg = Debug|Any CPU
		{B74F10F6-4B89-4FE9-AF62-53ED14A60DD0}.Debug|Any CPU.Build.0 = Debug|Any CPU
		{B74F10F6-4B89-4FE9-AF62-53ED14A60DD0}.Release|Any CPU.ActiveCfg = Release|Any CPU
		{B74F10F6-4B89-4FE9-AF62-53ED14A60DD0}.Release|Any CPU.Build.0 = Release|Any CPU
	EndGlobalSection
	GlobalSection(SolutionProperties) = preSolution
		HideSolutionNode = FALSE
	EndGlobalSection
	GlobalSection(ExtensibilityGlobals) = postSolution
		SolutionGuid = {64CF3F1A-EDF9-4950-9EC6-49D80B3556EF}
	EndGlobalSection
EndGlobal
